
Microsoft Visual Studio Solution File, Format Version 12.00
# Visual Studio 15
VisualStudioVersion = 15.0.36001.139
MinimumVisualStudioVersion = 10.0.40219.1
Project("{FAE04EC0-301F-11D3-BF4B-00C04F79EFBC}") = "OOP", "OOP\OOP.csproj", "{D1E74616-6C3A-4B8F-899C-D93D48003CA4}"
EndProject
Project("{FAE04EC0-301F-11D3-BF4B-00C04F79EFBC}") = "Point", "Point\Point.csproj", "{7B66B5C2-E7BD-463F-93A7-7F85D39F0723}"
EndProject
Global
	GlobalSection(SolutionConfigurationPlatforms) = preSolution
		Debug|Any CPU = Debug|Any CPU
		Release|Any CPU = Release|Any CPU
	EndGlobalSection
	GlobalSection(ProjectConfigurationPlatforms) = postSolution
		{D1E74616-6C3A-4B8F-899C-D93D48003CA4}.Debug|Any CPU.ActiveCfg = Debug|Any CPU
		{D1E74616-6C3A-4B8F-899C-D93D48003CA4}.Debug|Any CPU.Build.0 = Debug|Any CPU
		{D1E74616-6C3A-4B8F-899C-D93D48003CA4}.Release|Any CPU.ActiveCfg = Release|Any CPU
		{D1E74616-6C3A-4B8F-899C-D93D48003CA4}.Release|Any CPU.Build.0 = Release|Any CPU
		{7B66B5C2-E7BD-463F-93A7-7F85D39F0723}.Debug|Any CPU.ActiveCfg = Debug|Any CPU
		{7B66B5C2-E7BD-463F-93A7-7F85D39F0723}.Debug|Any CPU.Build.0 = Debug|Any CPU
		{7B66B5C2-E7BD-463F-93A7-7F85D39F0723}.Release|Any CPU.ActiveCfg = Release|Any CPU
		{7B66B5C2-E7BD-463F-93A7-7F85D39F0723}.Release|Any CPU.Build.0 = Release|Any CPU
	EndGlobalSection
	GlobalSection(SolutionProperties) = preSolution
		HideSolutionNode = FALSE
	EndGlobalSection
	GlobalSection(ExtensibilityGlobals) = postSolution
		SolutionGuid = {F1E886B9-245D-48A2-AF77-F6E6FBCFCF3B}
	EndGlobalSection
EndGlobal
